
Microsoft Visual Studio Solution File, Format Version 12.00
# Visual Studio 15
VisualStudioVersion = 15.0.26730.12
MinimumVisualStudioVersion = 10.0.40219.1
Project("{FAE04EC0-301F-11D3-BF4B-00C04F79EFBC}") = "AirlineManagementSystem", "AirlineManagementSystem\AirlineManagementSystem.csproj", "{5F1822BC-0C05-4EB1-9D93-93FC678F6CBC}"
EndProject
Project("{00D1A9C2-B5F0-4AF3-8072-F6C62B433612}") = "AirlineDatabase", "AirlineDatabase\AirlineDatabase.sqlproj", "{B74FD2F8-D0EA-4B16-92B9-2B82560CB083}"
EndProject
Global
	GlobalSection(SolutionConfigurationPlatforms) = preSolution
		Debug|Any CPU = Debug|Any CPU
		Release|Any CPU = Release|Any CPU
	EndGlobalSection
	GlobalSection(ProjectConfigurationPlatforms) = postSolution
		{5F1822BC-0C05-4EB1-9D93-93FC678F6CBC}.Debug|Any CPU.ActiveCfg = Debug|Any CPU
		{5F1822BC-0C05-4EB1-9D93-93FC678F6CBC}.Debug|Any CPU.Build.0 = Debug|Any CPU
		{5F1822BC-0C05-4EB1-9D93-93FC678F6CBC}.Release|Any CPU.ActiveCfg = Release|Any CPU
		{5F1822BC-0C05-4EB1-9D93-93FC678F6CBC}.Release|Any CPU.Build.0 = Release|Any CPU
		{B74FD2F8-D0EA-4B16-92B9-2B82560CB083}.Debug|Any CPU.ActiveCfg = Debug|Any CPU
		{B74FD2F8-D0EA-4B16-92B9-2B82560CB083}.Debug|Any CPU.Build.0 = Debug|Any CPU
		{B74FD2F8-D0EA-4B16-92B9-2B82560CB083}.Debug|Any CPU.Deploy.0 = Debug|Any CPU
		{B74FD2F8-D0EA-4B16-92B9-2B82560CB083}.Release|Any CPU.ActiveCfg = Release|Any CPU
		{B74FD2F8-D0EA-4B16-92B9-2B82560CB083}.Release|Any CPU.Build.0 = Release|Any CPU
		{B74FD2F8-D0EA-4B16-92B9-2B82560CB083}.Release|Any CPU.Deploy.0 = Release|Any CPU
	EndGlobalSection
	GlobalSection(SolutionProperties) = preSolution
		HideSolutionNode = FALSE
	EndGlobalSection
	GlobalSection(ExtensibilityGlobals) = postSolution
		SolutionGuid = {B434FD40-B12F-4459-ADDD-AA5E15DF8DC4}
	EndGlobalSection
EndGlobal
